DEPENDENCIES
  acme
  rbenv
    git: https://github.com/RiotGamesCookbooks/rbenv-cookbook.git
    revision: a7ae0eedbf678a8ac93456c325f9d69a8ac9d6f3

GRAPH
  acme (4.1.0)
  apt (7.2.0)
  build-essential (8.2.1)
    mingw (>= 1.1)
    seven_zip (>= 0.0.0)
  git (8.0.0)
    build-essential (>= 0.0.0)
    homebrew (>= 0.0.0)
  homebrew (4.3.0)
  mingw (2.1.0)
    seven_zip (>= 0.0.0)
  ohai (5.2.1)
  rbenv (1.7.1)
    apt (>= 0.0.0)
    build-essential (>= 0.0.0)
    git (>= 0.0.0)
    ohai (>= 1.1)
  seven_zip (3.1.1)
    windows (>= 0.0.0)
  windows (6.0.0)
